
Microsoft Visual Studio Solution File, Format Version 12.00
# Visual Studio Version 16
VisualStudioVersion = 16.0.29418.71
MinimumVisualStudioVersion = 10.0.40219.1
Project("{8BC9CEB8-8B4A-11D0-8D11-00A0C91BC942}") = "ALL_BUILD", "ALL_BUILD.vcxproj", "{576BC00C-9F13-3206-B972-11BB10C21B30}"
	ProjectSection(ProjectDependencies) = postProject
		{D6EB85DA-918D-3433-B31A-A4D11D43E4C2} = {D6EB85DA-918D-3433-B31A-A4D11D43E4C2}
		{9D5A90FE-85D4-3856-B608-A90C79EC235D} = {9D5A90FE-85D4-3856-B608-A90C79EC235D}
		{C34E0043-AA17-3E5E-931B-057BE6E0516E} = {C34E0043-AA17-3E5E-931B-057BE6E0516E}
		{A0C69EED-8636-36AA-86CB-18D991F4569F} = {A0C69EED-8636-36AA-86CB-18D991F4569F}
		{D3BBAD1B-00E1-3173-B829-6272E78CC433} = {D3BBAD1B-00E1-3173-B829-6272E78CC433}
		{7A06ACED-F8F4-3AF3-BF4F-65CF09C580C5} = {7A06ACED-F8F4-3AF3-BF4F-65CF09C580C5}
		{A89C577E-176D-3C1E-B774-98824EABF209} = {A89C577E-176D-3C1E-B774-98824EABF209}
		{0AD6F858-6F19-34DF-BAF0-3BB248A47CDD} = {0AD6F858-6F19-34DF-BAF0-3BB248A47CDD}
		{9CF07B72-834A-3E8F-B753-789EABA6D9E6} = {9CF07B72-834A-3E8F-B753-789EABA6D9E6}
		{6A8295F2-E958-3921-8FA4-643F5E58619F} = {6A8295F2-E958-3921-8FA4-643F5E58619F}
		{9B621250-0F96-382C-BD3A-F133F45D8270} = {9B621250-0F96-382C-BD3A-F133F45D8270}
		{EED717A7-05F3-396E-9BAD-2777B50EC9DA} = {EED717A7-05F3-396E-9BAD-2777B50EC9DA}
		{B8ADA0B2-F8E4-313E-B623-A984A2D2A628} = {B8ADA0B2-F8E4-313E-B623-A984A2D2A628}
	EndProjectSection
EndProject
Project("{8BC9CEB8-8B4A-11D0-8D11-00A0C91BC942}") = "ORB_SLAM3", "ORB_SLAM3.vcxproj", "{D6EB85DA-918D-3433-B31A-A4D11D43E4C2}"
EndProject
Project("{8BC9CEB8-8B4A-11D0-8D11-00A0C91BC942}") = "mono_euroc", "mono_euroc.vcxproj", "{9D5A90FE-85D4-3856-B608-A90C79EC235D}"
	ProjectSection(ProjectDependencies) = postProject
		{D6EB85DA-918D-3433-B31A-A4D11D43E4C2} = {D6EB85DA-918D-3433-B31A-A4D11D43E4C2}
	EndProjectSection
EndProject
Project("{8BC9CEB8-8B4A-11D0-8D11-00A0C91BC942}") = "mono_inertial_euroc", "mono_inertial_euroc.vcxproj", "{C34E0043-AA17-3E5E-931B-057BE6E0516E}"
	ProjectSection(ProjectDependencies) = postProject
		{D6EB85DA-918D-3433-B31A-A4D11D43E4C2} = {D6EB85DA-918D-3433-B31A-A4D11D43E4C2}
	EndProjectSection
EndProject
Project("{8BC9CEB8-8B4A-11D0-8D11-00A0C91BC942}") = "mono_inertial_tum_vi", "mono_inertial_tum_vi.vcxproj", "{A0C69EED-8636-36AA-86CB-18D991F4569F}"
	ProjectSection(ProjectDependencies) = postProject
		{D6EB85DA-918D-3433-B31A-A4D11D43E4C2} = {D6EB85DA-918D-3433-B31A-A4D11D43E4C2}
	EndProjectSection
EndProject
Project("{8BC9CEB8-8B4A-11D0-8D11-00A0C91BC942}") = "mono_kitti", "mono_kitti.vcxproj", "{D3BBAD1B-00E1-3173-B829-6272E78CC433}"
	ProjectSection(ProjectDependencies) = postProject
		{D6EB85DA-918D-3433-B31A-A4D11D43E4C2} = {D6EB85DA-918D-3433-B31A-A4D11D43E4C2}
	EndProjectSection
EndProject
Project("{8BC9CEB8-8B4A-11D0-8D11-00A0C91BC942}") = "mono_tum", "mono_tum.vcxproj", "{7A06ACED-F8F4-3AF3-BF4F-65CF09C580C5}"
	ProjectSection(ProjectDependencies) = postProject
		{D6EB85DA-918D-3433-B31A-A4D11D43E4C2} = {D6EB85DA-918D-3433-B31A-A4D11D43E4C2}
	EndProjectSection
EndProject
Project("{8BC9CEB8-8B4A-11D0-8D11-00A0C91BC942}") = "mono_tum_vi", "mono_tum_vi.vcxproj", "{A89C577E-176D-3C1E-B774-98824EABF209}"
	ProjectSection(ProjectDependencies) = postProject
		{D6EB85DA-918D-3433-B31A-A4D11D43E4C2} = {D6EB85DA-918D-3433-B31A-A4D11D43E4C2}
	EndProjectSection
EndProject
Project("{8BC9CEB8-8B4A-11D0-8D11-00A0C91BC942}") = "rgbd_tum", "rgbd_tum.vcxproj", "{0AD6F858-6F19-34DF-BAF0-3BB248A47CDD}"
	ProjectSection(ProjectDependencies) = postProject
		{D6EB85DA-918D-3433-B31A-A4D11D43E4C2} = {D6EB85DA-918D-3433-B31A-A4D11D43E4C2}
	EndProjectSection
EndProject
Project("{8BC9CEB8-8B4A-11D0-8D11-00A0C91BC942}") = "stereo_euroc", "stereo_euroc.vcxproj", "{9CF07B72-834A-3E8F-B753-789EABA6D9E6}"
	ProjectSection(ProjectDependencies) = postProject
		{D6EB85DA-918D-3433-B31A-A4D11D43E4C2} = {D6EB85DA-918D-3433-B31A-A4D11D43E4C2}
	EndProjectSection
EndProject
Project("{8BC9CEB8-8B4A-11D0-8D11-00A0C91BC942}") = "stereo_inertial_euroc", "stereo_inertial_euroc.vcxproj", "{6A8295F2-E958-3921-8FA4-643F5E58619F}"
	ProjectSection(ProjectDependencies) = postProject
		{D6EB85DA-918D-3433-B31A-A4D11D43E4C2} = {D6EB85DA-918D-3433-B31A-A4D11D43E4C2}
	EndProjectSection
EndProject
Project("{8BC9CEB8-8B4A-11D0-8D11-00A0C91BC942}") = "stereo_inertial_tum_vi", "stereo_inertial_tum_vi.vcxproj", "{9B621250-0F96-382C-BD3A-F133F45D8270}"
	ProjectSection(ProjectDependencies) = postProject
		{D6EB85DA-918D-3433-B31A-A4D11D43E4C2} = {D6EB85DA-918D-3433-B31A-A4D11D43E4C2}
	EndProjectSection
EndProject
Project("{8BC9CEB8-8B4A-11D0-8D11-00A0C91BC942}") = "stereo_kitti", "stereo_kitti.vcxproj", "{EED717A7-05F3-396E-9BAD-2777B50EC9DA}"
	ProjectSection(ProjectDependencies) = postProject
		{D6EB85DA-918D-3433-B31A-A4D11D43E4C2} = {D6EB85DA-918D-3433-B31A-A4D11D43E4C2}
	EndProjectSection
EndProject
Project("{8BC9CEB8-8B4A-11D0-8D11-00A0C91BC942}") = "stereo_tum_vi", "stereo_tum_vi.vcxproj", "{B8ADA0B2-F8E4-313E-B623-A984A2D2A628}"
	ProjectSection(ProjectDependencies) = postProject
		{D6EB85DA-918D-3433-B31A-A4D11D43E4C2} = {D6EB85DA-918D-3433-B31A-A4D11D43E4C2}
	EndProjectSection
EndProject
Global
	GlobalSection(SolutionConfigurationPlatforms) = preSolution
		Debug|x64 = Debug|x64
		MinSizeRel|x64 = MinSizeRel|x64
		Release|x64 = Release|x64
		RelWithDebInfo|x64 = RelWithDebInfo|x64
	EndGlobalSection
	GlobalSection(ProjectConfigurationPlatforms) = postSolution
		{576BC00C-9F13-3206-B972-11BB10C21B30}.Debug|x64.ActiveCfg = Debug|x64
		{576BC00C-9F13-3206-B972-11BB10C21B30}.MinSizeRel|x64.ActiveCfg = MinSizeRel|x64
		{576BC00C-9F13-3206-B972-11BB10C21B30}.Release|x64.ActiveCfg = Release|x64
		{576BC00C-9F13-3206-B972-11BB10C21B30}.RelWithDebInfo|x64.ActiveCfg = RelWithDebInfo|x64
		{D6EB85DA-918D-3433-B31A-A4D11D43E4C2}.Debug|x64.ActiveCfg = Debug|x64
		{D6EB85DA-918D-3433-B31A-A4D11D43E4C2}.Debug|x64.Build.0 = Debug|x64
		{D6EB85DA-918D-3433-B31A-A4D11D43E4C2}.MinSizeRel|x64.ActiveCfg = MinSizeRel|x64
		{D6EB85DA-918D-3433-B31A-A4D11D43E4C2}.MinSizeRel|x64.Build.0 = MinSizeRel|x64
		{D6EB85DA-918D-3433-B31A-A4D11D43E4C2}.Release|x64.ActiveCfg = Release|x64
		{D6EB85DA-918D-3433-B31A-A4D11D43E4C2}.Release|x64.Build.0 = Release|x64
		{D6EB85DA-918D-3433-B31A-A4D11D43E4C2}.RelWithDebInfo|x64.ActiveCfg = RelWithDebInfo|x64
		{D6EB85DA-918D-3433-B31A-A4D11D43E4C2}.RelWithDebInfo|x64.Build.0 = RelWithDebInfo|x64
		{9D5A90FE-85D4-3856-B608-A90C79EC235D}.Debug|x64.ActiveCfg = Debug|x64
		{9D5A90FE-85D4-3856-B608-A90C79EC235D}.Debug|x64.Build.0 = Debug|x64
		{9D5A90FE-85D4-3856-B608-A90C79EC235D}.MinSizeRel|x64.ActiveCfg = MinSizeRel|x64
		{9D5A90FE-85D4-3856-B608-A90C79EC235D}.MinSizeRel|x64.Build.0 = MinSizeRel|x64
		{9D5A90FE-85D4-3856-B608-A90C79EC235D}.Release|x64.ActiveCfg = Release|x64
		{9D5A90FE-85D4-3856-B608-A90C79EC235D}.Release|x64.Build.0 = Release|x64
		{9D5A90FE-85D4-3856-B608-A90C79EC235D}.RelWithDebInfo|x64.ActiveCfg = RelWithDebInfo|x64
		{9D5A90FE-85D4-3856-B608-A90C79EC235D}.RelWithDebInfo|x64.Build.0 = RelWithDebInfo|x64
		{C34E0043-AA17-3E5E-931B-057BE6E0516E}.Debug|x64.ActiveCfg = Debug|x64
		{C34E0043-AA17-3E5E-931B-057BE6E0516E}.Debug|x64.Build.0 = Debug|x64
		{C34E0043-AA17-3E5E-931B-057BE6E0516E}.MinSizeRel|x64.ActiveCfg = MinSizeRel|x64
		{C34E0043-AA17-3E5E-931B-057BE6E0516E}.MinSizeRel|x64.Build.0 = MinSizeRel|x64
		{C34E0043-AA17-3E5E-931B-057BE6E0516E}.Release|x64.ActiveCfg = Release|x64
		{C34E0043-AA17-3E5E-931B-057BE6E0516E}.Release|x64.Build.0 = Release|x64
		{C34E0043-AA17-3E5E-931B-057BE6E0516E}.RelWithDebInfo|x64.ActiveCfg = RelWithDebInfo|x64
		{C34E0043-AA17-3E5E-931B-057BE6E0516E}.RelWithDebInfo|x64.Build.0 = RelWithDebInfo|x64
		{A0C69EED-8636-36AA-86CB-18D991F4569F}.Debug|x64.ActiveCfg = Debug|x64
		{A0C69EED-8636-36AA-86CB-18D991F4569F}.Debug|x64.Build.0 = Debug|x64
		{A0C69EED-8636-36AA-86CB-18D991F4569F}.MinSizeRel|x64.ActiveCfg = MinSizeRel|x64
		{A0C69EED-8636-36AA-86CB-18D991F4569F}.MinSizeRel|x64.Build.0 = MinSizeRel|x64
		{A0C69EED-8636-36AA-86CB-18D991F4569F}.Release|x64.ActiveCfg = Release|x64
		{A0C69EED-8636-36AA-86CB-18D991F4569F}.Release|x64.Build.0 = Release|x64
		{A0C69EED-8636-36AA-86CB-18D991F4569F}.RelWithDebInfo|x64.ActiveCfg = RelWithDebInfo|x64
		{A0C69EED-8636-36AA-86CB-18D991F4569F}.RelWithDebInfo|x64.Build.0 = RelWithDebInfo|x64
		{D3BBAD1B-00E1-3173-B829-6272E78CC433}.Debug|x64.ActiveCfg = Debug|x64
		{D3BBAD1B-00E1-3173-B829-6272E78CC433}.Debug|x64.Build.0 = Debug|x64
		{D3BBAD1B-00E1-3173-B829-6272E78CC433}.MinSizeRel|x64.ActiveCfg = MinSizeRel|x64
		{D3BBAD1B-00E1-3173-B829-6272E78CC433}.MinSizeRel|x64.Build.0 = MinSizeRel|x64
		{D3BBAD1B-00E1-3173-B829-6272E78CC433}.Release|x64.ActiveCfg = Release|x64
		{D3BBAD1B-00E1-3173-B829-6272E78CC433}.Release|x64.Build.0 = Release|x64
		{D3BBAD1B-00E1-3173-B829-6272E78CC433}.RelWithDebInfo|x64.ActiveCfg = RelWithDebInfo|x64
		{D3BBAD1B-00E1-3173-B829-6272E78CC433}.RelWithDebInfo|x64.Build.0 = RelWithDebInfo|x64
		{7A06ACED-F8F4-3AF3-BF4F-65CF09C580C5}.Debug|x64.ActiveCfg = Debug|x64
		{7A06ACED-F8F4-3AF3-BF4F-65CF09C580C5}.Debug|x64.Build.0 = Debug|x64
		{7A06ACED-F8F4-3AF3-BF4F-65CF09C580C5}.MinSizeRel|x64.ActiveCfg = MinSizeRel|x64
		{7A06ACED-F8F4-3AF3-BF4F-65CF09C580C5}.MinSizeRel|x64.Build.0 = MinSizeRel|x64
		{7A06ACED-F8F4-3AF3-BF4F-65CF09C580C5}.Release|x64.ActiveCfg = Release|x64
		{7A06ACED-F8F4-3AF3-BF4F-65CF09C580C5}.Release|x64.Build.0 = Release|x64
		{7A06ACED-F8F4-3AF3-BF4F-65CF09C580C5}.RelWithDebInfo|x64.ActiveCfg = RelWithDebInfo|x64
		{7A06ACED-F8F4-3AF3-BF4F-65CF09C580C5}.RelWithDebInfo|x64.Build.0 = RelWithDebInfo|x64
		{A89C577E-176D-3C1E-B774-98824EABF209}.Debug|x64.ActiveCfg = Debug|x64
		{A89C577E-176D-3C1E-B774-98824EABF209}.Debug|x64.Build.0 = Debug|x64
		{A89C577E-176D-3C1E-B774-98824EABF209}.MinSizeRel|x64.ActiveCfg = MinSizeRel|x64
		{A89C577E-176D-3C1E-B774-98824EABF209}.MinSizeRel|x64.Build.0 = MinSizeRel|x64
		{A89C577E-176D-3C1E-B774-98824EABF209}.Release|x64.ActiveCfg = Release|x64
		{A89C577E-176D-3C1E-B774-98824EABF209}.Release|x64.Build.0 = Release|x64
		{A89C577E-176D-3C1E-B774-98824EABF209}.RelWithDebInfo|x64.ActiveCfg = RelWithDebInfo|x64
		{A89C577E-176D-3C1E-B774-98824EABF209}.RelWithDebInfo|x64.Build.0 = RelWithDebInfo|x64
		{0AD6F858-6F19-34DF-BAF0-3BB248A47CDD}.Debug|x64.ActiveCfg = Debug|x64
		{0AD6F858-6F19-34DF-BAF0-3BB248A47CDD}.Debug|x64.Build.0 = Debug|x64
		{0AD6F858-6F19-34DF-BAF0-3BB248A47CDD}.MinSizeRel|x64.ActiveCfg = MinSizeRel|x64
		{0AD6F858-6F19-34DF-BAF0-3BB248A47CDD}.MinSizeRel|x64.Build.0 = MinSizeRel|x64
		{0AD6F858-6F19-34DF-BAF0-3BB248A47CDD}.Release|x64.ActiveCfg = Release|x64
		{0AD6F858-6F19-34DF-BAF0-3BB248A47CDD}.Release|x64.Build.0 = Release|x64
		{0AD6F858-6F19-34DF-BAF0-3BB248A47CDD}.RelWithDebInfo|x64.ActiveCfg = RelWithDebInfo|x64
		{0AD6F858-6F19-34DF-BAF0-3BB248A47CDD}.RelWithDebInfo|x64.Build.0 = RelWithDebInfo|x64
		{9CF07B72-834A-3E8F-B753-789EABA6D9E6}.Debug|x64.ActiveCfg = Debug|x64
		{9CF07B72-834A-3E8F-B753-789EABA6D9E6}.Debug|x64.Build.0 = Debug|x64
		{9CF07B72-834A-3E8F-B753-789EABA6D9E6}.MinSizeRel|x64.ActiveCfg = MinSizeRel|x64
		{9CF07B72-834A-3E8F-B753-789EABA6D9E6}.MinSizeRel|x64.Build.0 = MinSizeRel|x64
		{9CF07B72-834A-3E8F-B753-789EABA6D9E6}.Release|x64.ActiveCfg = Release|x64
		{9CF07B72-834A-3E8F-B753-789EABA6D9E6}.Release|x64.Build.0 = Release|x64
		{9CF07B72-834A-3E8F-B753-789EABA6D9E6}.RelWithDebInfo|x64.ActiveCfg = RelWithDebInfo|x64
		{9CF07B72-834A-3E8F-B753-789EABA6D9E6}.RelWithDebInfo|x64.Build.0 = RelWithDebInfo|x64
		{6A8295F2-E958-3921-8FA4-643F5E58619F}.Debug|x64.ActiveCfg = Debug|x64
		{6A8295F2-E958-3921-8FA4-643F5E58619F}.Debug|x64.Build.0 = Debug|x64
		{6A8295F2-E958-3921-8FA4-643F5E58619F}.MinSizeRel|x64.ActiveCfg = MinSizeRel|x64
		{6A8295F2-E958-3921-8FA4-643F5E58619F}.MinSizeRel|x64.Build.0 = MinSizeRel|x64
		{6A8295F2-E958-3921-8FA4-643F5E58619F}.Release|x64.ActiveCfg = Release|x64
		{6A8295F2-E958-3921-8FA4-643F5E58619F}.Release|x64.Build.0 = Release|x64
		{6A8295F2-E958-3921-8FA4-643F5E58619F}.RelWithDebInfo|x64.ActiveCfg = RelWithDebInfo|x64
		{6A8295F2-E958-3921-8FA4-643F5E58619F}.RelWithDebInfo|x64.Build.0 = RelWithDebInfo|x64
		{9B621250-0F96-382C-BD3A-F133F45D8270}.Debug|x64.ActiveCfg = Debug|x64
		{9B621250-0F96-382C-BD3A-F133F45D8270}.Debug|x64.Build.0 = Debug|x64
		{9B621250-0F96-382C-BD3A-F133F45D8270}.MinSizeRel|x64.ActiveCfg = MinSizeRel|x64
		{9B621250-0F96-382C-BD3A-F133F45D8270}.MinSizeRel|x64.Build.0 = MinSizeRel|x64
		{9B621250-0F96-382C-BD3A-F133F45D8270}.Release|x64.ActiveCfg = Release|x64
		{9B621250-0F96-382C-BD3A-F133F45D8270}.Release|x64.Build.0 = Release|x64
		{9B621250-0F96-382C-BD3A-F133F45D8270}.RelWithDebInfo|x64.ActiveCfg = RelWithDebInfo|x64
		{9B621250-0F96-382C-BD3A-F133F45D8270}.RelWithDebInfo|x64.Build.0 = RelWithDebInfo|x64
		{EED717A7-05F3-396E-9BAD-2777B50EC9DA}.Debug|x64.ActiveCfg = Debug|x64
		{EED717A7-05F3-396E-9BAD-2777B50EC9DA}.Debug|x64.Build.0 = Debug|x64
		{EED717A7-05F3-396E-9BAD-2777B50EC9DA}.MinSizeRel|x64.ActiveCfg = MinSizeRel|x64
		{EED717A7-05F3-396E-9BAD-2777B50EC9DA}.MinSizeRel|x64.Build.0 = MinSizeRel|x64
		{EED717A7-05F3-396E-9BAD-2777B50EC9DA}.Release|x64.ActiveCfg = Release|x64
		{EED717A7-05F3-396E-9BAD-2777B50EC9DA}.Release|x64.Build.0 = Release|x64
		{EED717A7-05F3-396E-9BAD-2777B50EC9DA}.RelWithDebInfo|x64.ActiveCfg = RelWithDebInfo|x64
		{EED717A7-05F3-396E-9BAD-2777B50EC9DA}.RelWithDebInfo|x64.Build.0 = RelWithDebInfo|x64
		{B8ADA0B2-F8E4-313E-B623-A984A2D2A628}.Debug|x64.ActiveCfg = Debug|x64
		{B8ADA0B2-F8E4-313E-B623-A984A2D2A628}.Debug|x64.Build.0 = Debug|x64
		{B8ADA0B2-F8E4-313E-B623-A984A2D2A628}.MinSizeRel|x64.ActiveCfg = MinSizeRel|x64
		{B8ADA0B2-F8E4-313E-B623-A984A2D2A628}.MinSizeRel|x64.Build.0 = MinSizeRel|x64
		{B8ADA0B2-F8E4-313E-B623-A984A2D2A628}.Release|x64.ActiveCfg = Release|x64
		{B8ADA0B2-F8E4-313E-B623-A984A2D2A628}.Release|x64.Build.0 = Release|x64
		{B8ADA0B2-F8E4-313E-B623-A984A2D2A628}.RelWithDebInfo|x64.ActiveCfg = RelWithDebInfo|x64
		{B8ADA0B2-F8E4-313E-B623-A984A2D2A628}.RelWithDebInfo|x64.Build.0 = RelWithDebInfo|x64
	EndGlobalSection
	GlobalSection(SolutionProperties) = preSolution
		HideSolutionNode = FALSE
	EndGlobalSection
	GlobalSection(ExtensibilityGlobals) = postSolution
		SolutionGuid = {23DC1005-FA8C-3636-8B72-A1266A42A8BA}
	EndGlobalSection
EndGlobal
